
Microsoft Visual Studio Solution File, Format Version 12.00
# Visual Studio Version 17
VisualStudioVersion = 17.10.35004.147
MinimumVisualStudioVersion = 10.0.40219.1
Project("{FAE04EC0-301F-11D3-BF4B-00C04F79EFBC}") = "DemoWebApp", "DemoWebApp.csproj", "{B92922FB-4EA5-42E2-BC47-4E3E5D9DA2DC}"
EndProject
Global
	GlobalSection(SolutionConfigurationPlatforms) = preSolution
		Debug|Any CPU = Debug|Any CPU
		Release|Any CPU = Release|Any CPU
	EndGlobalSection
	GlobalSection(ProjectConfigurationPlatforms) = postSolution
		{B92922FB-4EA5-42E2-BC47-4E3E5D9DA2DC}.Debug|Any CPU.ActiveCfg = Debug|Any CPU
		{B92922FB-4EA5-42E2-BC47-4E3E5D9DA2DC}.Debug|Any CPU.Build.0 = Debug|Any CPU
		{B92922FB-4EA5-42E2-BC47-4E3E5D9DA2DC}.Release|Any CPU.ActiveCfg = Release|Any CPU
		{B92922FB-4EA5-42E2-BC47-4E3E5D9DA2DC}.Release|Any CPU.Build.0 = Release|Any CPU
	EndGlobalSection
	GlobalSection(SolutionProperties) = preSolution
		HideSolutionNode = FALSE
	EndGlobalSection
	GlobalSection(ExtensibilityGlobals) = postSolution
		SolutionGuid = {433ABF00-DA4D-4229-9640-F5E795E31C29}
	EndGlobalSection
EndGlobal
